
Microsoft Visual Studio Solution File, Format Version 12.00
# Visual Studio Version 17
VisualStudioVersion = 17.14.36310.24
MinimumVisualStudioVersion = 10.0.40219.1
Project("{FAE04EC0-301F-11D3-BF4B-00C04F79EFBC}") = "IsEmriApp", "IsEmriApp\IsEmriApp.csproj", "{04E544EC-46AD-422C-9C56-32AEE817F213}"
EndProject
Project("{FAE04EC0-301F-11D3-BF4B-00C04F79EFBC}") = "IsEmriApp.Console", "IsEmriApp.Console\IsEmriApp.Console.csproj", "{B5A6514F-A73C-443C-9343-7E37C1922145}"
EndProject
Global
	GlobalSection(SolutionConfigurationPlatforms) = preSolution
		Debug|Any CPU = Debug|Any CPU
		Release|Any CPU = Release|Any CPU
	EndGlobalSection
	GlobalSection(ProjectConfigurationPlatforms) = postSolution
		{04E544EC-46AD-422C-9C56-32AEE817F213}.Debug|Any CPU.ActiveCfg = Debug|Any CPU
		{04E544EC-46AD-422C-9C56-32AEE817F213}.Debug|Any CPU.Build.0 = Debug|Any CPU
		{04E544EC-46AD-422C-9C56-32AEE817F213}.Release|Any CPU.ActiveCfg = Release|Any CPU
		{04E544EC-46AD-422C-9C56-32AEE817F213}.Release|Any CPU.Build.0 = Release|Any CPU
		{B5A6514F-A73C-443C-9343-7E37C1922145}.Debug|Any CPU.ActiveCfg = Debug|Any CPU
		{B5A6514F-A73C-443C-9343-7E37C1922145}.Debug|Any CPU.Build.0 = Debug|Any CPU
		{B5A6514F-A73C-443C-9343-7E37C1922145}.Release|Any CPU.ActiveCfg = Release|Any CPU
		{B5A6514F-A73C-443C-9343-7E37C1922145}.Release|Any CPU.Build.0 = Release|Any CPU
	EndGlobalSection
	GlobalSection(SolutionProperties) = preSolution
		HideSolutionNode = FALSE
	EndGlobalSection
	GlobalSection(ExtensibilityGlobals) = postSolution
		SolutionGuid = {3923F2FE-B061-4E62-BA34-46B971CC4059}
	EndGlobalSection
EndGlobal
